github.com/boltdb/bolt v1.3.1/go.mod h1:clJnj/oiGkjum5o1McbSZDSLxVThjynRyGBgiAx27Ps=
github.com/coreos/bbolt v1.3.0 h1:HIgH5xUWXT914HCI671AxuTTqjj64UOFr7pHn48LUTI=
github.com/coreos/bbolt v1.3.0/go.mod h1:iRUV2dpdMOn7Bo10OQBFzIJO9kkE559Wcmn+qkEiiKk=
github.com/xyproto/cookie v0.0.0-20171003173729-8ce3defb0907 h1:9qqWk6/29cweeD27aMqGSdk/3/Zp9/wKTQLhXfR3ix0=
github.com/xyproto/cookie v0.0.0-20171003173729-8ce3defb0907/go.mod h1:Jkc0U5QghR0GdJHVetkXRYMciw3dGqpLR69uw8vutsY=
github.com/xyproto/pinterface v0.0.0-20170615103324-05fa0e308066 h1:g7EPC/RFOb8clB40Mx8RDgcnyn6e5IDZxer800AABS8=
github.com/xyproto/pinterface v0.0.0-20170615103324-05fa0e308066/go.mod h1:BzQLxcJwPQpzFgOyNEL02hGO5T4VqXB1BX+lp5bE040=
github.com/xyproto/simplebolt v0.0.0-20181003171159-9a19ee106f39 h1:yY3VoqI9spH+L1Lgw/D/0hYetQB4ZGArhIDW1O5/Mpo=
github.com/xyproto/simplebolt v0.0.0-20181003171159-9a19ee106f39/go.mod h1:BqwkvPBMvMo1xAUG4zAAKIWoT4TDgoz0/2ReVQmR6zg=
golang.org/x/crypto v0.0.0-20181001203147-e3636079e1a4 h1:Vk3wNqEZwyGyei9yq5ekj7frek2u7HUfffJ1/opblzc=
golang.org/x/crypto v0.0.0-20181001203147-e3636079e1a4/go.mod h1:6SG95UA2DQfeDnfUPMdvaQW0Q7yPrPDi9nlGo2tz2b4=
golang.org/x/sys v0.0.0-20181003145944-af653ce8b74f/go.mod h1:STP8DvDyc/dI5b8T5hshtkjS+E42TnysNCUPdjciGhY=
